
Microsoft Visual Studio Solution File, Format Version 12.00
# Visual Studio Version 17
VisualStudioVersion = 17.4.33103.184
MinimumVisualStudioVersion = 10.0.40219.1
Project("{FAE04EC0-301F-11D3-BF4B-00C04F79EFBC}") = "RoutingServer", "RoutingServer\RoutingServer.csproj", "{348EC303-33CF-48D6-B03D-6281690F7005}"
EndProject
Project("{FAE04EC0-301F-11D3-BF4B-00C04F79EFBC}") = "OpenStreetMap", "OpenStreetMap\OpenStreetMap.csproj", "{5C439295-343A-491B-983B-E8470A4147F7}"
EndProject
Global
	GlobalSection(SolutionConfigurationPlatforms) = preSolution
		Debug|Any CPU = Debug|Any CPU
		Release|Any CPU = Release|Any CPU
	EndGlobalSection
	GlobalSection(ProjectConfigurationPlatforms) = postSolution
		{348EC303-33CF-48D6-B03D-6281690F7005}.Debug|Any CPU.ActiveCfg = Debug|Any CPU
		{348EC303-33CF-48D6-B03D-6281690F7005}.Debug|Any CPU.Build.0 = Debug|Any CPU
		{348EC303-33CF-48D6-B03D-6281690F7005}.Release|Any CPU.ActiveCfg = Release|Any CPU
		{348EC303-33CF-48D6-B03D-6281690F7005}.Release|Any CPU.Build.0 = Release|Any CPU
		{5C439295-343A-491B-983B-E8470A4147F7}.Debug|Any CPU.ActiveCfg = Debug|Any CPU
		{5C439295-343A-491B-983B-E8470A4147F7}.Debug|Any CPU.Build.0 = Debug|Any CPU
		{5C439295-343A-491B-983B-E8470A4147F7}.Release|Any CPU.ActiveCfg = Release|Any CPU
		{5C439295-343A-491B-983B-E8470A4147F7}.Release|Any CPU.Build.0 = Release|Any CPU
	EndGlobalSection
	GlobalSection(SolutionProperties) = preSolution
		HideSolutionNode = FALSE
	EndGlobalSection
	GlobalSection(ExtensibilityGlobals) = postSolution
		SolutionGuid = {E1348321-12A0-4E33-9B5A-D88A32F96EAB}
	EndGlobalSection
EndGlobal
