
Microsoft Visual Studio Solution File, Format Version 12.00
# Visual Studio Version 17
VisualStudioVersion = 17.4.33103.184
MinimumVisualStudioVersion = 10.0.40219.1
Project("{FAE04EC0-301F-11D3-BF4B-00C04F79EFBC}") = "WcfServiceLibrary1", "WcfServiceLibrary1\WcfServiceLibrary1.csproj", "{6BFA80F6-1578-46EE-864F-895E42AB1D94}"
EndProject
Global
	GlobalSection(SolutionConfigurationPlatforms) = preSolution
		Debug|Any CPU = Debug|Any CPU
		Release|Any CPU = Release|Any CPU
	EndGlobalSection
	GlobalSection(ProjectConfigurationPlatforms) = postSolution
		{6BFA80F6-1578-46EE-864F-895E42AB1D94}.Debug|Any CPU.ActiveCfg = Debug|Any CPU
		{6BFA80F6-1578-46EE-864F-895E42AB1D94}.Debug|Any CPU.Build.0 = Debug|Any CPU
		{6BFA80F6-1578-46EE-864F-895E42AB1D94}.Release|Any CPU.ActiveCfg = Release|Any CPU
		{6BFA80F6-1578-46EE-864F-895E42AB1D94}.Release|Any CPU.Build.0 = Release|Any CPU
	EndGlobalSection
	GlobalSection(SolutionProperties) = preSolution
		HideSolutionNode = FALSE
	EndGlobalSection
	GlobalSection(ExtensibilityGlobals) = postSolution
		SolutionGuid = {E1348321-12A0-4E33-9B5A-D88A32F96EAB}
	EndGlobalSection
EndGlobal
